// !$*UTF8*$!
{
	archiveVersion = 1;
	classes = {
	};
	objectVersion = 46;
	objects = {

/* Begin PBXBuildFile section */
		359ED9DCF8CBE390C0BDDED1 /* Pods_iTunesTopCharts.framework in Frameworks */ = {isa = PBXBuildFile; fileRef = 41FFAA2C5B7094E0E8DEC787 /* Pods_iTunesTopCharts.framework */; };
		952CCA5E2150CA58000FFA82 /* AppDelegate.swift in Sources */ = {isa = PBXBuildFile; fileRef = 952CCA5D2150CA58000FFA82 /* AppDelegate.swift */; };
		952CCA602150CA58000FFA82 /* ViewController.swift in Sources */ = {isa = PBXBuildFile; fileRef = 952CCA5F2150CA58000FFA82 /* ViewController.swift */; };
		952CCA632150CA58000FFA82 /* Main.storyboard in Resources */ = {isa = PBXBuildFile; fileRef = 952CCA612150CA58000FFA82 /* Main.storyboard */; };
		952CCA652150CA5E000FFA82 /* Assets.xcassets in Resources */ = {isa = PBXBuildFile; fileRef = 952CCA642150CA5E000FFA82 /* Assets.xcassets */; };
		952CCA682150CA5E000FFA82 /* LaunchScreen.storyboard in Resources */ = {isa = PBXBuildFile; fileRef = 952CCA662150CA5E000FFA82 /* LaunchScreen.storyboard */; };
		952CCA6F2150CA7E000FFA82 /* AppHelper.swift in Sources */ = {isa = PBXBuildFile; fileRef = 952CCA6D2150CA7E000FFA82 /* AppHelper.swift */; };
		95C62BEF21E62D2E0061423F /* Constants.swift in Sources */ = {isa = PBXBuildFile; fileRef = 954D28C42150ED33002209A6 /* Constants.swift */; };
/* End PBXBuildFile section */

/* Begin PBXFileReference section */
		00E619C4CEC1A0AF8DC650B9 /* Pods-iTunesTopCharts.debug.xcconfig */ = {isa = PBXFileReference; includeInIndex = 1; lastKnownFileType = text.xcconfig; name = "Pods-iTunesTopCharts.debug.xcconfig"; path = "Pods/Target Support Files/Pods-iTunesTopCharts/Pods-iTunesTopCharts.debug.xcconfig"; sourceTree = "<group>"; };
		41FFAA2C5B7094E0E8DEC787 /* Pods_iTunesTopCharts.framework */ = {isa = PBXFileReference; explicitFileType = wrapper.framework; includeInIndex = 0; path = Pods_iTunesTopCharts.framework; sourceTree = BUILT_PRODUCTS_DIR; };
		517E7D0DC4FA0C21AE9E5862 /* Pods-TopSongs.release.xcconfig */ = {isa = PBXFileReference; includeInIndex = 1; lastKnownFileType = text.xcconfig; name = "Pods-TopSongs.release.xcconfig"; path = "Pods/Target Support Files/Pods-TopSongs/Pods-TopSongs.release.xcconfig"; sourceTree = "<group>"; };
		64CB94750DFB987A14BEFBAF /* Pods-TopSongs.debug.xcconfig */ = {isa = PBXFileReference; includeInIndex = 1; lastKnownFileType = text.xcconfig; name = "Pods-TopSongs.debug.xcconfig"; path = "Pods/Target Support Files/Pods-TopSongs/Pods-TopSongs.debug.xcconfig"; sourceTree = "<group>"; };
		6B40E06BD1F7FA527573367D /* Pods-iTunesTopCharts.release.xcconfig */ = {isa = PBXFileReference; includeInIndex = 1; lastKnownFileType = text.xcconfig; name = "Pods-iTunesTopCharts.release.xcconfig"; path = "Pods/Target Support Files/Pods-iTunesTopCharts/Pods-iTunesTopCharts.release.xcconfig"; sourceTree = "<group>"; };
		933E3FE349002DD3E4847FDB /* Pods_TopSongs.framework */ = {isa = PBXFileReference; explicitFileType = wrapper.framework; includeInIndex = 0; path = Pods_TopSongs.framework; sourceTree = BUILT_PRODUCTS_DIR; };
		952CCA5B2150CA58000FFA82 /* iTunesTopCharts.app */ = {isa = PBXFileReference; explicitFileType = wrapper.application; includeInIndex = 0; path = iTunesTopCharts.app; sourceTree = BUILT_PRODUCTS_DIR; };
		952CCA5D2150CA58000FFA82 /* AppDelegate.swift */ = {isa = PBXFileReference; lastKnownFileType = sourcecode.swift; path = AppDelegate.swift; sourceTree = "<group>"; };
		952CCA5F2150CA58000FFA82 /* ViewController.swift */ = {isa = PBXFileReference; lastKnownFileType = sourcecode.swift; path = ViewController.swift; sourceTree = "<group>"; };
		952CCA622150CA58000FFA82 /* Base */ = {isa = PBXFileReference; lastKnownFileType = file.storyboard; name = Base; path = Base.lproj/Main.storyboard; sourceTree = "<group>"; };
		952CCA642150CA5E000FFA82 /* Assets.xcassets */ = {isa = PBXFileReference; lastKnownFileType = folder.assetcatalog; path = Assets.xcassets; sourceTree = "<group>"; };
		952CCA672150CA5E000FFA82 /* Base */ = {isa = PBXFileReference; lastKnownFileType = file.storyboard; name = Base; path = Base.lproj/LaunchScreen.storyboard; sourceTree = "<group>"; };
		952CCA692150CA5E000FFA82 /* Info.plist */ = {isa = PBXFileReference; lastKnownFileType = text.plist.xml; path = Info.plist; sourceTree = "<group>"; };
		952CCA6D2150CA7E000FFA82 /* AppHelper.swift */ = {isa = PBXFileReference; lastKnownFileType = sourcecode.swift; path = AppHelper.swift; sourceTree = "<group>"; };
		952CCA712150D15C000FFA82 /* iTunesTopCharts-Bridging-Header.h */ = {isa = PBXFileReference; lastKnownFileType = sourcecode.c.h; path = "iTunesTopCharts-Bridging-Header.h"; sourceTree = "<group>"; };
		954D28C42150ED33002209A6 /* Constants.swift */ = {isa = PBXFileReference; lastKnownFileType = sourcecode.swift; path = Constants.swift; sourceTree = "<group>"; };
/* End PBXFileReference section */

/* Begin PBXFrameworksBuildPhase section */
		952CCA582150CA58000FFA82 /* Frameworks */ = {
			isa = PBXFrameworksBuildPhase;
			buildActionMask = 2147483647;
			files = (
				359ED9DCF8CBE390C0BDDED1 /* Pods_iTunesTopCharts.framework in Frameworks */,
			);
			runOnlyForDeploymentPostprocessing = 0;
		};
/* End PBXFrameworksBuildPhase section */

/* Begin PBXGroup section */
		77E421C4E0B09673B7CBE327 /* Frameworks */ = {
			isa = PBXGroup;
			children = (
				933E3FE349002DD3E4847FDB /* Pods_TopSongs.framework */,
				41FFAA2C5B7094E0E8DEC787 /* Pods_iTunesTopCharts.framework */,
			);
			name = Frameworks;
			sourceTree = "<group>";
		};
		952CCA5C2150CA58000FFA82 /* iTunesTopCharts */ = {
			isa = PBXGroup;
			children = (
				95C62BEE21E62D0B0061423F /* Obj-C */,
				952CCA5D2150CA58000FFA82 /* AppDelegate.swift */,
				954D28C42150ED33002209A6 /* Constants.swift */,
				952CCA6D2150CA7E000FFA82 /* AppHelper.swift */,
				952CCA5F2150CA58000FFA82 /* ViewController.swift */,
				952CCA612150CA58000FFA82 /* Main.storyboard */,
				952CCA642150CA5E000FFA82 /* Assets.xcassets */,
				952CCA662150CA5E000FFA82 /* LaunchScreen.storyboard */,
				952CCA692150CA5E000FFA82 /* Info.plist */,
			);
			path = iTunesTopCharts;
			sourceTree = "<group>";
		};
		958F12F21FC0A86B0026F114 = {
			isa = PBXGroup;
			children = (
				952CCA5C2150CA58000FFA82 /* iTunesTopCharts */,
				958F12FC1FC0A86C0026F114 /* Products */,
				F16951A27E8916710E65389D /* Pods */,
				77E421C4E0B09673B7CBE327 /* Frameworks */,
			);
			sourceTree = "<group>";
		};
		958F12FC1FC0A86C0026F114 /* Products */ = {
			isa = PBXGroup;
			children = (
				952CCA5B2150CA58000FFA82 /* iTunesTopCharts.app */,
			);
			name = Products;
			sourceTree = "<group>";
		};
		95C62BEE21E62D0B0061423F /* Obj-C */ = {
			isa = PBXGroup;
			children = (
				952CCA712150D15C000FFA82 /* iTunesTopCharts-Bridging-Header.h */,
			);
			path = "Obj-C";
			sourceTree = "<group>";
		};
		F16951A27E8916710E65389D /* Pods */ = {
			isa = PBXGroup;
			children = (
				64CB94750DFB987A14BEFBAF /* Pods-TopSongs.debug.xcconfig */,
				517E7D0DC4FA0C21AE9E5862 /* Pods-TopSongs.release.xcconfig */,
				00E619C4CEC1A0AF8DC650B9 /* Pods-iTunesTopCharts.debug.xcconfig */,
				6B40E06BD1F7FA527573367D /* Pods-iTunesTopCharts.release.xcconfig */,
			);
			name = Pods;
			sourceTree = "<group>";
		};
/* End PBXGroup section */

/* Begin PBXNativeTarget section */
		952CCA5A2150CA58000FFA82 /* iTunesTopCharts */ = {
			isa = PBXNativeTarget;
			buildConfigurationList = 952CCA6A2150CA5E000FFA82 /* Build configuration list for PBXNativeTarget "iTunesTopCharts" */;
			buildPhases = (
				D8ED734B932ED17940478D9E /* [CP] Check Pods Manifest.lock */,
				952CCA572150CA58000FFA82 /* Sources */,
				952CCA582150CA58000FFA82 /* Frameworks */,
				952CCA592150CA58000FFA82 /* Resources */,
				DDE9D2D08EE786984105C4CD /* [CP] Embed Pods Frameworks */,
				4B549486CB731EC138422C0E /* [CP] Copy Pods Resources */,
			);
			buildRules = (
			);
			dependencies = (
			);
			name = iTunesTopCharts;
			productName = iTunesTopCharts;
			productReference = 952CCA5B2150CA58000FFA82 /* iTunesTopCharts.app */;
			productType = "com.apple.product-type.application";
		};
/* End PBXNativeTarget section */

/* Begin PBXProject section */
		958F12F31FC0A86B0026F114 /* Project object */ = {
			isa = PBXProject;
			attributes = {
				LastSwiftUpdateCheck = 1000;
				LastUpgradeCheck = 1000;
				ORGANIZATIONNAME = "Nikhil Arora";
				TargetAttributes = {
					952CCA5A2150CA58000FFA82 = {
						CreatedOnToolsVersion = 10.0;
						DevelopmentTeam = MPK2R9DHW8;
						LastSwiftMigration = 1000;
						ProvisioningStyle = Automatic;
					};
				};
			};
			buildConfigurationList = 958F12F61FC0A86B0026F114 /* Build configuration list for PBXProject "TopSongs" */;
			compatibilityVersion = "Xcode 3.2";
			developmentRegion = English;
			hasScannedForEncodings = 0;
			knownRegions = (
				en,
				Base,
			);
			mainGroup = 958F12F21FC0A86B0026F114;
			productRefGroup = 958F12FC1FC0A86C0026F114 /* Products */;
			projectDirPath = "";
			projectRoot = "";
			targets = (
				952CCA5A2150CA58000FFA82 /* iTunesTopCharts */,
			);
		};
/* End PBXProject section */

/* Begin PBXResourcesBuildPhase section */
		952CCA592150CA58000FFA82 /* Resources */ = {
			isa = PBXResourcesBuildPhase;
			buildActionMask = 2147483647;
			files = (
				952CCA682150CA5E000FFA82 /* LaunchScreen.storyboard in Resources */,
				952CCA652150CA5E000FFA82 /* Assets.xcassets in Resources */,
				952CCA632150CA58000FFA82 /* Main.storyboard in Resources */,
			);
			runOnlyForDeploymentPostprocessing = 0;
		};
/* End PBXResourcesBuildPhase section */

/* Begin PBXShellScriptBuildPhase section */
		4B549486CB731EC138422C0E /* [CP] Copy Pods Resources */ = {
			isa = PBXShellScriptBuildPhase;
			buildActionMask = 2147483647;
			files = (
			);
			inputPaths = (
			);
			name = "[CP] Copy Pods Resources";
			outputPaths = (
			);
			runOnlyForDeploymentPostprocessing = 0;
			shellPath = /bin/sh;
			shellScript = "\"${SRCROOT}/Pods/Target Support Files/Pods-iTunesTopCharts/Pods-iTunesTopCharts-resources.sh\"\n";
			showEnvVarsInLog = 0;
		};
		D8ED734B932ED17940478D9E /* [CP] Check Pods Manifest.lock */ = {
			isa = PBXShellScriptBuildPhase;
			buildActionMask = 2147483647;
			files = (
			);
			inputPaths = (
				"${PODS_PODFILE_DIR_PATH}/Podfile.lock",
				"${PODS_ROOT}/Manifest.lock",
			);
			name = "[CP] Check Pods Manifest.lock";
			outputPaths = (
				"$(DERIVED_FILE_DIR)/Pods-iTunesTopCharts-checkManifestLockResult.txt",
			);
			runOnlyForDeploymentPostprocessing = 0;
			shellPath = /bin/sh;
			shellScript = "diff \"${PODS_PODFILE_DIR_PATH}/Podfile.lock\" \"${PODS_ROOT}/Manifest.lock\" > /dev/null\nif [ $? != 0 ] ; then\n    # print error to STDERR\n    echo \"error: The sandbox is not in sync with the Podfile.lock. Run 'pod install' or update your CocoaPods installation.\" >&2\n    exit 1\nfi\n# This output is used by Xcode 'outputs' to avoid re-running this script phase.\necho \"SUCCESS\" > \"${SCRIPT_OUTPUT_FILE_0}\"\n";
			showEnvVarsInLog = 0;
		};
		DDE9D2D08EE786984105C4CD /* [CP] Embed Pods Frameworks */ = {
			isa = PBXShellScriptBuildPhase;
			buildActionMask = 2147483647;
			files = (
			);
			inputPaths = (
				"${SRCROOT}/Pods/Target Support Files/Pods-iTunesTopCharts/Pods-iTunesTopCharts-frameworks.sh",
				"${BUILT_PRODUCTS_DIR}/Alamofire/Alamofire.framework",
				"${BUILT_PRODUCTS_DIR}/AlamofireNetworkActivityLogger/AlamofireNetworkActivityLogger.framework",
				"${BUILT_PRODUCTS_DIR}/Deviice/Deviice.framework",
				"${BUILT_PRODUCTS_DIR}/KeychainSwift/KeychainSwift.framework",
				"${BUILT_PRODUCTS_DIR}/Luminous/Luminous.framework",
				"${BUILT_PRODUCTS_DIR}/ObjcExceptionBridging/ObjcExceptionBridging.framework",
				"${BUILT_PRODUCTS_DIR}/ReachabilitySwift/Reachability.framework",
				"${BUILT_PRODUCTS_DIR}/SDWebImage/SDWebImage.framework",
				"${BUILT_PRODUCTS_DIR}/SwiftyJSON/SwiftyJSON.framework",
				"${BUILT_PRODUCTS_DIR}/XCGLogger/XCGLogger.framework",
			);
			name = "[CP] Embed Pods Frameworks";
			outputPaths = (
				"${TARGET_BUILD_DIR}/${FRAMEWORKS_FOLDER_PATH}/Alamofire.framework",
				"${TARGET_BUILD_DIR}/${FRAMEWORKS_FOLDER_PATH}/AlamofireNetworkActivityLogger.framework",
				"${TARGET_BUILD_DIR}/${FRAMEWORKS_FOLDER_PATH}/Deviice.framework",
				"${TARGET_BUILD_DIR}/${FRAMEWORKS_FOLDER_PATH}/KeychainSwift.framework",
				"${TARGET_BUILD_DIR}/${FRAMEWORKS_FOLDER_PATH}/Luminous.framework",
				"${TARGET_BUILD_DIR}/${FRAMEWORKS_FOLDER_PATH}/ObjcExceptionBridging.framework",
				"${TARGET_BUILD_DIR}/${FRAMEWORKS_FOLDER_PATH}/Reachability.framework",
				"${TARGET_BUILD_DIR}/${FRAMEWORKS_FOLDER_PATH}/SDWebImage.framework",
				"${TARGET_BUILD_DIR}/${FRAMEWORKS_FOLDER_PATH}/SwiftyJSON.framework",
				"${TARGET_BUILD_DIR}/${FRAMEWORKS_FOLDER_PATH}/XCGLogger.framework",
			);
			runOnlyForDeploymentPostprocessing = 0;
			shellPath = /bin/sh;
			shellScript = "\"${SRCROOT}/Pods/Target Support Files/Pods-iTunesTopCharts/Pods-iTunesTopCharts-frameworks.sh\"\n";
			showEnvVarsInLog = 0;
		};
/* End PBXShellScriptBuildPhase section */

/* Begin PBXSourcesBuildPhase section */
		952CCA572150CA58000FFA82 /* Sources */ = {
			isa = PBXSourcesBuildPhase;
			buildActionMask = 2147483647;
			files = (
				952CCA602150CA58000FFA82 /* ViewController.swift in Sources */,
				952CCA6F2150CA7E000FFA82 /* AppHelper.swift in Sources */,
				952CCA5E2150CA58000FFA82 /* AppDelegate.swift in Sources */,
				95C62BEF21E62D2E0061423F /* Constants.swift in Sources */,
			);
			runOnlyForDeploymentPostprocessing = 0;
		};
/* End PBXSourcesBuildPhase section */

/* Begin PBXVariantGroup section */
		952CCA612150CA58000FFA82 /* Main.storyboard */ = {
			isa = PBXVariantGroup;
			children = (
				952CCA622150CA58000FFA82 /* Base */,
			);
			name = Main.storyboard;
			sourceTree = "<group>";
		};
		952CCA662150CA5E000FFA82 /* LaunchScreen.storyboard */ = {
			isa = PBXVariantGroup;
			children = (
				952CCA672150CA5E000FFA82 /* Base */,
			);
			name = LaunchScreen.storyboard;
			sourceTree = "<group>";
		};
/* End PBXVariantGroup section */

/* Begin XCBuildConfiguration section */
		952CCA6B2150CA5E000FFA82 /* Debug */ = {
			isa = XCBuildConfiguration;
			baseConfigurationReference = 00E619C4CEC1A0AF8DC650B9 /* Pods-iTunesTopCharts.debug.xcconfig */;
			buildSettings = {
				ASSETCATALOG_COMPILER_APPICON_NAME = AppIcon;
				CLANG_ANALYZER_NUMBER_OBJECT_CONVERSION = YES_AGGRESSIVE;
				CLANG_CXX_LANGUAGE_STANDARD = "gnu++14";
				CLANG_ENABLE_MODULES = YES;
				CLANG_ENABLE_OBJC_WEAK = YES;
				CLANG_WARN_DEPRECATED_OBJC_IMPLEMENTATIONS = YES;
				CLANG_WARN_OBJC_IMPLICIT_RETAIN_SELF = YES;
				CLANG_WARN_UNGUARDED_AVAILABILITY = YES_AGGRESSIVE;
				CODE_SIGN_IDENTITY = "iPhone Developer";
				CODE_SIGN_STYLE = Automatic;
				DEVELOPMENT_TEAM = MPK2R9DHW8;
				GCC_C_LANGUAGE_STANDARD = gnu11;
				INFOPLIST_FILE = iTunesTopCharts/Info.plist;
				IPHONEOS_DEPLOYMENT_TARGET = 12.0;
				LD_RUNPATH_SEARCH_PATHS = "$(inherited) @executable_path/Frameworks";
				MTL_ENABLE_DEBUG_INFO = INCLUDE_SOURCE;
				MTL_FAST_MATH = YES;
				PRODUCT_BUNDLE_IDENTIFIER = com.mobiledi.iTunesTopCharts;
				PRODUCT_NAME = "$(TARGET_NAME)";
				SWIFT_OBJC_BRIDGING_HEADER = "iTunesTopCharts-Bridging-Header.h";
				SWIFT_OPTIMIZATION_LEVEL = "-Onone";
				SWIFT_VERSION = 4.2;
				TARGETED_DEVICE_FAMILY = "1,2";
			};
			name = Debug;
		};
		952CCA6C2150CA5E000FFA82 /* Release */ = {
			isa = XCBuildConfiguration;
			baseConfigurationReference = 6B40E06BD1F7FA527573367D /* Pods-iTunesTopCharts.release.xcconfig */;
			buildSettings = {
				ASSETCATALOG_COMPILER_APPICON_NAME = AppIcon;
				CLANG_ANALYZER_NUMBER_OBJECT_CONVERSION = YES_AGGRESSIVE;
				CLANG_CXX_LANGUAGE_STANDARD = "gnu++14";
				CLANG_ENABLE_MODULES = YES;
				CLANG_ENABLE_OBJC_WEAK = YES;
				CLANG_WARN_DEPRECATED_OBJC_IMPLEMENTATIONS = YES;
				CLANG_WARN_OBJC_IMPLICIT_RETAIN_SELF = YES;
				CLANG_WARN_UNGUARDED_AVAILABILITY = YES_AGGRESSIVE;
				CODE_SIGN_IDENTITY = "iPhone Developer";
				CODE_SIGN_STYLE = Automatic;
				DEVELOPMENT_TEAM = MPK2R9DHW8;
				GCC_C_LANGUAGE_STANDARD = gnu11;
				INFOPLIST_FILE = iTunesTopCharts/Info.plist;
				IPHONEOS_DEPLOYMENT_TARGET = 12.0;
				LD_RUNPATH_SEARCH_PATHS = "$(inherited) @executable_path/Frameworks";
				MTL_FAST_MATH = YES;
				PRODUCT_BUNDLE_IDENTIFIER = com.mobiledi.iTunesTopCharts;
				PRODUCT_NAME = "$(TARGET_NAME)";
				SWIFT_OBJC_BRIDGING_HEADER = "iTunesTopCharts-Bridging-Header.h";
				SWIFT_VERSION = 4.2;
				TARGETED_DEVICE_FAMILY = "1,2";
			};
			name = Release;
		};
		958F130B1FC0A86C0026F114 /* Debug */ = {
			isa = XCBuildConfiguration;
			buildSettings = {
				ALWAYS_SEARCH_USER_PATHS = NO;
				CLANG_ANALYZER_NONNULL = YES;
				CLANG_CXX_LANGUAGE_STANDARD = "gnu++0x";
				CLANG_CXX_LIBRARY = "libc++";
				CLANG_ENABLE_MODULES = YES;
				CLANG_ENABLE_OBJC_ARC = YES;
				CLANG_WARN_BLOCK_CAPTURE_AUTORELEASING = YES;
				CLANG_WARN_BOOL_CONVERSION = YES;
				CLANG_WARN_COMMA = YES;
				CLANG_WARN_CONSTANT_CONVERSION = YES;
				CLANG_WARN_DEPRECATED_OBJC_IMPLEMENTATIONS = YES;
				CLANG_WARN_DIRECT_OBJC_ISA_USAGE = YES_ERROR;
				CLANG_WARN_DOCUMENTATION_COMMENTS = YES;
				CLANG_WARN_EMPTY_BODY = YES;
				CLANG_WARN_ENUM_CONVERSION = YES;
				CLANG_WARN_INFINITE_RECURSION = YES;
				CLANG_WARN_INT_CONVERSION = YES;
				CLANG_WARN_NON_LITERAL_NULL_CONVERSION = YES;
				CLANG_WARN_OBJC_IMPLICIT_RETAIN_SELF = YES;
				CLANG_WARN_OBJC_LITERAL_CONVERSION = YES;
				CLANG_WARN_OBJC_ROOT_CLASS = YES_ERROR;
				CLANG_WARN_RANGE_LOOP_ANALYSIS = YES;
				CLANG_WARN_STRICT_PROTOTYPES = YES;
				CLANG_WARN_SUSPICIOUS_MOVE = YES;
				CLANG_WARN_UNREACHABLE_CODE = YES;
				CLANG_WARN__DUPLICATE_METHOD_MATCH = YES;
				"CODE_SIGN_IDENTITY[sdk=iphoneos*]" = "iPhone Developer";
				COPY_PHASE_STRIP = NO;
				DEBUG_INFORMATION_FORMAT = dwarf;
				ENABLE_STRICT_OBJC_MSGSEND = YES;
				ENABLE_TESTABILITY = YES;
				GCC_C_LANGUAGE_STANDARD = gnu99;
				GCC_DYNAMIC_NO_PIC = NO;
				GCC_NO_COMMON_BLOCKS = YES;
				GCC_OPTIMIZATION_LEVEL = 0;
				GCC_PREPROCESSOR_DEFINITIONS = (
					"DEBUG=1",
					"$(inherited)",
				);
				GCC_WARN_64_TO_32_BIT_CONVERSION = YES;
				GCC_WARN_ABOUT_RETURN_TYPE = YES_ERROR;
				GCC_WARN_UNDECLARED_SELECTOR = YES;
				GCC_WARN_UNINITIALIZED_AUTOS = YES_AGGRESSIVE;
				GCC_WARN_UNUSED_FUNCTION = YES;
				GCC_WARN_UNUSED_VARIABLE = YES;
				IPHONEOS_DEPLOYMENT_TARGET = 10.2;
				MTL_ENABLE_DEBUG_INFO = YES;
				ONLY_ACTIVE_ARCH = YES;
				SDKROOT = iphoneos;
				SWIFT_ACTIVE_COMPILATION_CONDITIONS = DEBUG;
				SWIFT_OPTIMIZATION_LEVEL = "-Onone";
			};
			name = Debug;
		};
		958F130C1FC0A86C0026F114 /* Release */ = {
			isa = XCBuildConfiguration;
			buildSettings = {
				ALWAYS_SEARCH_USER_PATHS = NO;
				CLANG_ANALYZER_NONNULL = YES;
				CLANG_CXX_LANGUAGE_STANDARD = "gnu++0x";
				CLANG_CXX_LIBRARY = "libc++";
				CLANG_ENABLE_MODULES = YES;
				CLANG_ENABLE_OBJC_ARC = YES;
				CLANG_WARN_BLOCK_CAPTURE_AUTORELEASING = YES;
				CLANG_WARN_BOOL_CONVERSION = YES;
				CLANG_WARN_COMMA = YES;
				CLANG_WARN_CONSTANT_CONVERSION = YES;
				CLANG_WARN_DEPRECATED_OBJC_IMPLEMENTATIONS = YES;
				CLANG_WARN_DIRECT_OBJC_ISA_USAGE = YES_ERROR;
				CLANG_WARN_DOCUMENTATION_COMMENTS = YES;
				CLANG_WARN_EMPTY_BODY = YES;
				CLANG_WARN_ENUM_CONVERSION = YES;
				CLANG_WARN_INFINITE_RECURSION = YES;
				CLANG_WARN_INT_CONVERSION = YES;
				CLANG_WARN_NON_LITERAL_NULL_CONVERSION = YES;
				CLANG_WARN_OBJC_IMPLICIT_RETAIN_SELF = YES;
				CLANG_WARN_OBJC_LITERAL_CONVERSION = YES;
				CLANG_WARN_OBJC_ROOT_CLASS = YES_ERROR;
				CLANG_WARN_RANGE_LOOP_ANALYSIS = YES;
				CLANG_WARN_STRICT_PROTOTYPES = YES;
				CLANG_WARN_SUSPICIOUS_MOVE = YES;
				CLANG_WARN_UNREACHABLE_CODE = YES;
				CLANG_WARN__DUPLICATE_METHOD_MATCH = YES;
				"CODE_SIGN_IDENTITY[sdk=iphoneos*]" = "iPhone Developer";
				COPY_PHASE_STRIP = NO;
				DEBUG_INFORMATION_FORMAT = "dwarf-with-dsym";
				ENABLE_NS_ASSERTIONS = NO;
				ENABLE_STRICT_OBJC_MSGSEND = YES;
				GCC_C_LANGUAGE_STANDARD = gnu99;
				GCC_NO_COMMON_BLOCKS = YES;
				GCC_WARN_64_TO_32_BIT_CONVERSION = YES;
				GCC_WARN_ABOUT_RETURN_TYPE = YES_ERROR;
				GCC_WARN_UNDECLARED_SELECTOR = YES;
				GCC_WARN_UNINITIALIZED_AUTOS = YES_AGGRESSIVE;
				GCC_WARN_UNUSED_FUNCTION = YES;
				GCC_WARN_UNUSED_VARIABLE = YES;
				IPHONEOS_DEPLOYMENT_TARGET = 10.2;
				MTL_ENABLE_DEBUG_INFO = NO;
				SDKROOT = iphoneos;
				SWIFT_OPTIMIZATION_LEVEL = "-Owholemodule";
				VALIDATE_PRODUCT = YES;
			};
			name = Release;
		};
/* End XCBuildConfiguration section */

/* Begin XCConfigurationList section */
		952CCA6A2150CA5E000FFA82 /* Build configuration list for PBXNativeTarget "iTunesTopCharts" */ = {
			isa = XCConfigurationList;
			buildConfigurations = (
				952CCA6B2150CA5E000FFA82 /* Debug */,
				952CCA6C2150CA5E000FFA82 /* Release */,
			);
			defaultConfigurationIsVisible = 0;
			defaultConfigurationName = Release;
		};
		958F12F61FC0A86B0026F114 /* Build configuration list for PBXProject "TopSongs" */ = {
			isa = XCConfigurationList;
			buildConfigurations = (
				958F130B1FC0A86C0026F114 /* Debug */,
				958F130C1FC0A86C0026F114 /* Release */,
			);
			defaultConfigurationIsVisible = 0;
			defaultConfigurationName = Release;
		};
/* End XCConfigurationList section */
	};
	rootObject = 958F12F31FC0A86B0026F114 /* Project object */;
}
