// !$*UTF8*$!
{
	archiveVersion = 1;
	classes = {
	};
	objectVersion = 46;
	objects = {

/* Begin PBXBuildFile section */
		958F12FF1FC0A86C0026F114 /* AppDelegate.swift in Sources */ = {isa = PBXBuildFile; fileRef = 958F12FE1FC0A86C0026F114 /* AppDelegate.swift */; };
		958F13011FC0A86C0026F114 /* ViewController.swift in Sources */ = {isa = PBXBuildFile; fileRef = 958F13001FC0A86C0026F114 /* ViewController.swift */; };
		958F13041FC0A86C0026F114 /* Main.storyboard in Resources */ = {isa = PBXBuildFile; fileRef = 958F13021FC0A86C0026F114 /* Main.storyboard */; };
		958F13061FC0A86C0026F114 /* Assets.xcassets in Resources */ = {isa = PBXBuildFile; fileRef = 958F13051FC0A86C0026F114 /* Assets.xcassets */; };
		958F13091FC0A86C0026F114 /* LaunchScreen.storyboard in Resources */ = {isa = PBXBuildFile; fileRef = 958F13071FC0A86C0026F114 /* LaunchScreen.storyboard */; };
/* End PBXBuildFile section */

/* Begin PBXFileReference section */
		958F12FB1FC0A86C0026F114 /* TopSongs.app */ = {isa = PBXFileReference; explicitFileType = wrapper.application; includeInIndex = 0; path = TopSongs.app; sourceTree = BUILT_PRODUCTS_DIR; };
		958F12FE1FC0A86C0026F114 /* AppDelegate.swift */ = {isa = PBXFileReference; lastKnownFileType = sourcecode.swift; path = AppDelegate.swift; sourceTree = "<group>"; };
		958F13001FC0A86C0026F114 /* ViewController.swift */ = {isa = PBXFileReference; lastKnownFileType = sourcecode.swift; path = ViewController.swift; sourceTree = "<group>"; };
		958F13031FC0A86C0026F114 /* Base */ = {isa = PBXFileReference; lastKnownFileType = file.storyboard; name = Base; path = Base.lproj/Main.storyboard; sourceTree = "<group>"; };
		958F13051FC0A86C0026F114 /* Assets.xcassets */ = {isa = PBXFileReference; lastKnownFileType = folder.assetcatalog; path = Assets.xcassets; sourceTree = "<group>"; };
		958F13081FC0A86C0026F114 /* Base */ = {isa = PBXFileReference; lastKnownFileType = file.storyboard; name = Base; path = Base.lproj/LaunchScreen.storyboard; sourceTree = "<group>"; };
		958F130A1FC0A86C0026F114 /* Info.plist */ = {isa = PBXFileReference; lastKnownFileType = text.plist.xml; path = Info.plist; sourceTree = "<group>"; };
/* End PBXFileReference section */

/* Begin PBXFrameworksBuildPhase section */
		958F12F81FC0A86B0026F114 /* Frameworks */ = {
			isa = PBXFrameworksBuildPhase;
			buildActionMask = 2147483647;
			files = (
			);
			runOnlyForDeploymentPostprocessing = 0;
		};
/* End PBXFrameworksBuildPhase section */

/* Begin PBXGroup section */
		958F12F21FC0A86B0026F114 = {
			isa = PBXGroup;
			children = (
				958F12FD1FC0A86C0026F114 /* TopSongs */,
				958F12FC1FC0A86C0026F114 /* Products */,
			);
			sourceTree = "<group>";
		};
		958F12FC1FC0A86C0026F114 /* Products */ = {
			isa = PBXGroup;
			children = (
				958F12FB1FC0A86C0026F114 /* TopSongs.app */,
			);
			name = Products;
			sourceTree = "<group>";
		};
		958F12FD1FC0A86C0026F114 /* TopSongs */ = {
			isa = PBXGroup;
			children = (
				958F13141FC0A8C90026F114 /* Objective-C */,
				958F13131FC0A8BB0026F114 /* Controller */,
				958F13121FC0A8B30026F114 /* View */,
				958F13111FC0A8A90026F114 /* Model */,
				958F13101FC0A89B0026F114 /* SupportingFiles */,
			);
			path = TopSongs;
			sourceTree = "<group>";
		};
		958F13101FC0A89B0026F114 /* SupportingFiles */ = {
			isa = PBXGroup;
			children = (
				958F12FE1FC0A86C0026F114 /* AppDelegate.swift */,
				958F13051FC0A86C0026F114 /* Assets.xcassets */,
				958F13071FC0A86C0026F114 /* LaunchScreen.storyboard */,
				958F130A1FC0A86C0026F114 /* Info.plist */,
			);
			name = SupportingFiles;
			sourceTree = "<group>";
		};
		958F13111FC0A8A90026F114 /* Model */ = {
			isa = PBXGroup;
			children = (
			);
			name = Model;
			sourceTree = "<group>";
		};
		958F13121FC0A8B30026F114 /* View */ = {
			isa = PBXGroup;
			children = (
				958F13021FC0A86C0026F114 /* Main.storyboard */,
			);
			name = View;
			sourceTree = "<group>";
		};
		958F13131FC0A8BB0026F114 /* Controller */ = {
			isa = PBXGroup;
			children = (
				958F13001FC0A86C0026F114 /* ViewController.swift */,
			);
			name = Controller;
			sourceTree = "<group>";
		};
		958F13141FC0A8C90026F114 /* Objective-C */ = {
			isa = PBXGroup;
			children = (
			);
			name = "Objective-C";
			sourceTree = "<group>";
		};
/* End PBXGroup section */

/* Begin PBXNativeTarget section */
		958F12FA1FC0A86B0026F114 /* TopSongs */ = {
			isa = PBXNativeTarget;
			buildConfigurationList = 958F130D1FC0A86C0026F114 /* Build configuration list for PBXNativeTarget "TopSongs" */;
			buildPhases = (
				958F12F71FC0A86B0026F114 /* Sources */,
				958F12F81FC0A86B0026F114 /* Frameworks */,
				958F12F91FC0A86B0026F114 /* Resources */,
			);
			buildRules = (
			);
			dependencies = (
			);
			name = TopSongs;
			productName = TopSongs;
			productReference = 958F12FB1FC0A86C0026F114 /* TopSongs.app */;
			productType = "com.apple.product-type.application";
		};
/* End PBXNativeTarget section */

/* Begin PBXProject section */
		958F12F31FC0A86B0026F114 /* Project object */ = {
			isa = PBXProject;
			attributes = {
				LastSwiftUpdateCheck = 0820;
				LastUpgradeCheck = 0820;
				ORGANIZATIONNAME = "Nikhil Arora";
				TargetAttributes = {
					958F12FA1FC0A86B0026F114 = {
						CreatedOnToolsVersion = 8.2;
						DevelopmentTeam = MTG9WG4TRR;
						ProvisioningStyle = Automatic;
					};
				};
			};
			buildConfigurationList = 958F12F61FC0A86B0026F114 /* Build configuration list for PBXProject "TopSongs" */;
			compatibilityVersion = "Xcode 3.2";
			developmentRegion = English;
			hasScannedForEncodings = 0;
			knownRegions = (
				en,
				Base,
			);
			mainGroup = 958F12F21FC0A86B0026F114;
			productRefGroup = 958F12FC1FC0A86C0026F114 /* Products */;
			projectDirPath = "";
			projectRoot = "";
			targets = (
				958F12FA1FC0A86B0026F114 /* TopSongs */,
			);
		};
/* End PBXProject section */

/* Begin PBXResourcesBuildPhase section */
		958F12F91FC0A86B0026F114 /* Resources */ = {
			isa = PBXResourcesBuildPhase;
			buildActionMask = 2147483647;
			files = (
				958F13091FC0A86C0026F114 /* LaunchScreen.storyboard in Resources */,
				958F13061FC0A86C0026F114 /* Assets.xcassets in Resources */,
				958F13041FC0A86C0026F114 /* Main.storyboard in Resources */,
			);
			runOnlyForDeploymentPostprocessing = 0;
		};
/* End PBXResourcesBuildPhase section */

/* Begin PBXSourcesBuildPhase section */
		958F12F71FC0A86B0026F114 /* Sources */ = {
			isa = PBXSourcesBuildPhase;
			buildActionMask = 2147483647;
			files = (
				958F13011FC0A86C0026F114 /* ViewController.swift in Sources */,
				958F12FF1FC0A86C0026F114 /* AppDelegate.swift in Sources */,
			);
			runOnlyForDeploymentPostprocessing = 0;
		};
/* End PBXSourcesBuildPhase section */

/* Begin PBXVariantGroup section */
		958F13021FC0A86C0026F114 /* Main.storyboard */ = {
			isa = PBXVariantGroup;
			children = (
				958F13031FC0A86C0026F114 /* Base */,
			);
			name = Main.storyboard;
			sourceTree = "<group>";
		};
		958F13071FC0A86C0026F114 /* LaunchScreen.storyboard */ = {
			isa = PBXVariantGroup;
			children = (
				958F13081FC0A86C0026F114 /* Base */,
			);
			name = LaunchScreen.storyboard;
			sourceTree = "<group>";
		};
/* End PBXVariantGroup section */

/* Begin XCBuildConfiguration section */
		958F130B1FC0A86C0026F114 /* Debug */ = {
			isa = XCBuildConfiguration;
			buildSettings = {
				ALWAYS_SEARCH_USER_PATHS = NO;
				CLANG_ANALYZER_NONNULL = YES;
				CLANG_CXX_LANGUAGE_STANDARD = "gnu++0x";
				CLANG_CXX_LIBRARY = "libc++";
				CLANG_ENABLE_MODULES = YES;
				CLANG_ENABLE_OBJC_ARC = YES;
				CLANG_WARN_BOOL_CONVERSION = YES;
				CLANG_WARN_CONSTANT_CONVERSION = YES;
				CLANG_WARN_DIRECT_OBJC_ISA_USAGE = YES_ERROR;
				CLANG_WARN_DOCUMENTATION_COMMENTS = YES;
				CLANG_WARN_EMPTY_BODY = YES;
				CLANG_WARN_ENUM_CONVERSION = YES;
				CLANG_WARN_INFINITE_RECURSION = YES;
				CLANG_WARN_INT_CONVERSION = YES;
				CLANG_WARN_OBJC_ROOT_CLASS = YES_ERROR;
				CLANG_WARN_SUSPICIOUS_MOVE = YES;
				CLANG_WARN_UNREACHABLE_CODE = YES;
				CLANG_WARN__DUPLICATE_METHOD_MATCH = YES;
				"CODE_SIGN_IDENTITY[sdk=iphoneos*]" = "iPhone Developer";
				COPY_PHASE_STRIP = NO;
				DEBUG_INFORMATION_FORMAT = dwarf;
				ENABLE_STRICT_OBJC_MSGSEND = YES;
				ENABLE_TESTABILITY = YES;
				GCC_C_LANGUAGE_STANDARD = gnu99;
				GCC_DYNAMIC_NO_PIC = NO;
				GCC_NO_COMMON_BLOCKS = YES;
				GCC_OPTIMIZATION_LEVEL = 0;
				GCC_PREPROCESSOR_DEFINITIONS = (
					"DEBUG=1",
					"$(inherited)",
				);
				GCC_WARN_64_TO_32_BIT_CONVERSION = YES;
				GCC_WARN_ABOUT_RETURN_TYPE = YES_ERROR;
				GCC_WARN_UNDECLARED_SELECTOR = YES;
				GCC_WARN_UNINITIALIZED_AUTOS = YES_AGGRESSIVE;
				GCC_WARN_UNUSED_FUNCTION = YES;
				GCC_WARN_UNUSED_VARIABLE = YES;
				IPHONEOS_DEPLOYMENT_TARGET = 10.2;
				MTL_ENABLE_DEBUG_INFO = YES;
				ONLY_ACTIVE_ARCH = YES;
				SDKROOT = iphoneos;
				SWIFT_ACTIVE_COMPILATION_CONDITIONS = DEBUG;
				SWIFT_OPTIMIZATION_LEVEL = "-Onone";
			};
			name = Debug;
		};
		958F130C1FC0A86C0026F114 /* Release */ = {
			isa = XCBuildConfiguration;
			buildSettings = {
				ALWAYS_SEARCH_USER_PATHS = NO;
				CLANG_ANALYZER_NONNULL = YES;
				CLANG_CXX_LANGUAGE_STANDARD = "gnu++0x";
				CLANG_CXX_LIBRARY = "libc++";
				CLANG_ENABLE_MODULES = YES;
				CLANG_ENABLE_OBJC_ARC = YES;
				CLANG_WARN_BOOL_CONVERSION = YES;
				CLANG_WARN_CONSTANT_CONVERSION = YES;
				CLANG_WARN_DIRECT_OBJC_ISA_USAGE = YES_ERROR;
				CLANG_WARN_DOCUMENTATION_COMMENTS = YES;
				CLANG_WARN_EMPTY_BODY = YES;
				CLANG_WARN_ENUM_CONVERSION = YES;
				CLANG_WARN_INFINITE_RECURSION = YES;
				CLANG_WARN_INT_CONVERSION = YES;
				CLANG_WARN_OBJC_ROOT_CLASS = YES_ERROR;
				CLANG_WARN_SUSPICIOUS_MOVE = YES;
				CLANG_WARN_UNREACHABLE_CODE = YES;
				CLANG_WARN__DUPLICATE_METHOD_MATCH = YES;
				"CODE_SIGN_IDENTITY[sdk=iphoneos*]" = "iPhone Developer";
				COPY_PHASE_STRIP = NO;
				DEBUG_INFORMATION_FORMAT = "dwarf-with-dsym";
				ENABLE_NS_ASSERTIONS = NO;
				ENABLE_STRICT_OBJC_MSGSEND = YES;
				GCC_C_LANGUAGE_STANDARD = gnu99;
				GCC_NO_COMMON_BLOCKS = YES;
				GCC_WARN_64_TO_32_BIT_CONVERSION = YES;
				GCC_WARN_ABOUT_RETURN_TYPE = YES_ERROR;
				GCC_WARN_UNDECLARED_SELECTOR = YES;
				GCC_WARN_UNINITIALIZED_AUTOS = YES_AGGRESSIVE;
				GCC_WARN_UNUSED_FUNCTION = YES;
				GCC_WARN_UNUSED_VARIABLE = YES;
				IPHONEOS_DEPLOYMENT_TARGET = 10.2;
				MTL_ENABLE_DEBUG_INFO = NO;
				SDKROOT = iphoneos;
				SWIFT_OPTIMIZATION_LEVEL = "-Owholemodule";
				VALIDATE_PRODUCT = YES;
			};
			name = Release;
		};
		958F130E1FC0A86C0026F114 /* Debug */ = {
			isa = XCBuildConfiguration;
			buildSettings = {
				ASSETCATALOG_COMPILER_APPICON_NAME = AppIcon;
				DEVELOPMENT_TEAM = MTG9WG4TRR;
				INFOPLIST_FILE = TopSongs/Info.plist;
				LD_RUNPATH_SEARCH_PATHS = "$(inherited) @executable_path/Frameworks";
				PRODUCT_BUNDLE_IDENTIFIER = com.uneqqee.TopSongs;
				PRODUCT_NAME = "$(TARGET_NAME)";
				SWIFT_VERSION = 3.0;
			};
			name = Debug;
		};
		958F130F1FC0A86C0026F114 /* Release */ = {
			isa = XCBuildConfiguration;
			buildSettings = {
				ASSETCATALOG_COMPILER_APPICON_NAME = AppIcon;
				DEVELOPMENT_TEAM = MTG9WG4TRR;
				INFOPLIST_FILE = TopSongs/Info.plist;
				LD_RUNPATH_SEARCH_PATHS = "$(inherited) @executable_path/Frameworks";
				PRODUCT_BUNDLE_IDENTIFIER = com.uneqqee.TopSongs;
				PRODUCT_NAME = "$(TARGET_NAME)";
				SWIFT_VERSION = 3.0;
			};
			name = Release;
		};
/* End XCBuildConfiguration section */

/* Begin XCConfigurationList section */
		958F12F61FC0A86B0026F114 /* Build configuration list for PBXProject "TopSongs" */ = {
			isa = XCConfigurationList;
			buildConfigurations = (
				958F130B1FC0A86C0026F114 /* Debug */,
				958F130C1FC0A86C0026F114 /* Release */,
			);
			defaultConfigurationIsVisible = 0;
			defaultConfigurationName = Release;
		};
		958F130D1FC0A86C0026F114 /* Build configuration list for PBXNativeTarget "TopSongs" */ = {
			isa = XCConfigurationList;
			buildConfigurations = (
				958F130E1FC0A86C0026F114 /* Debug */,
				958F130F1FC0A86C0026F114 /* Release */,
			);
			defaultConfigurationIsVisible = 0;
		};
/* End XCConfigurationList section */
	};
	rootObject = 958F12F31FC0A86B0026F114 /* Project object */;
}
